
Microsoft Visual Studio Solution File, Format Version 12.00
# Visual Studio Version 17
VisualStudioVersion = 17.5.002.0
MinimumVisualStudioVersion = 10.0.40219.1
Project("{2150E333-8FDC-42A3-9474-1A3956D46DE8}") = "dotnet", "dotnet", "{E6A48458-534C-4BE8-8E75-EE64B03A78C8}"
EndProject
Project("{9A19103F-16F7-4668-BE54-9A1E7A4F7556}") = "app", "dotnet\app\app.csproj", "{003B1483-823B-4EE1-8CAF-3E05F1582853}"
EndProject
Global
	GlobalSection(SolutionConfigurationPlatforms) = preSolution
		Debug|Any CPU = Debug|Any CPU
		Release|Any CPU = Release|Any CPU
	EndGlobalSection
	GlobalSection(ProjectConfigurationPlatforms) = postSolution
		{003B1483-823B-4EE1-8CAF-3E05F1582853}.Debug|Any CPU.ActiveCfg = Debug|Any CPU
		{003B1483-823B-4EE1-8CAF-3E05F1582853}.Debug|Any CPU.Build.0 = Debug|Any CPU
		{003B1483-823B-4EE1-8CAF-3E05F1582853}.Release|Any CPU.ActiveCfg = Release|Any CPU
		{003B1483-823B-4EE1-8CAF-3E05F1582853}.Release|Any CPU.Build.0 = Release|Any CPU
	EndGlobalSection
	GlobalSection(SolutionProperties) = preSolution
		HideSolutionNode = FALSE
	EndGlobalSection
	GlobalSection(NestedProjects) = preSolution
		{003B1483-823B-4EE1-8CAF-3E05F1582853} = {E6A48458-534C-4BE8-8E75-EE64B03A78C8}
	EndGlobalSection
	GlobalSection(ExtensibilityGlobals) = postSolution
		SolutionGuid = {F23FF270-B63E-468C-BB78-F9237B90564E}
	EndGlobalSection
EndGlobal
